
Microsoft Visual Studio Solution File, Format Version 12.00
# Visual Studio 15
VisualStudioVersion = 15.0.28010.2046
MinimumVisualStudioVersion = 10.0.40219.1
Project("{FAE04EC0-301F-11D3-BF4B-00C04F79EFBC}") = "CleanCodeSeries.Workshop.Lesson1.EasyToUnderstandCode", "src\CleanCodeSeries.Workshop.Lesson1.EasyToUnderstandCode\CleanCodeSeries.Workshop.Lesson1.EasyToUnderstandCode.csproj", "{B4D3C35F-9B98-4558-985B-4912DFD529EA}"
EndProject
Project("{FAE04EC0-301F-11D3-BF4B-00C04F79EFBC}") = "CleanCodeSeries.Workshop.Lesson2.Functions", "src\CleanCodeSeries.Workshop.Lesson2.Functions\CleanCodeSeries.Workshop.Lesson2.Functions.csproj", "{F6A26DD8-CB60-43E2-9977-FB63511EE480}"
EndProject
Global
	GlobalSection(SolutionConfigurationPlatforms) = preSolution
		Debug|Any CPU = Debug|Any CPU
		Release|Any CPU = Release|Any CPU
	EndGlobalSection
	GlobalSection(ProjectConfigurationPlatforms) = postSolution
		{B4D3C35F-9B98-4558-985B-4912DFD529EA}.Debug|Any CPU.ActiveCfg = Debug|Any CPU
		{B4D3C35F-9B98-4558-985B-4912DFD529EA}.Debug|Any CPU.Build.0 = Debug|Any CPU
		{B4D3C35F-9B98-4558-985B-4912DFD529EA}.Release|Any CPU.ActiveCfg = Release|Any CPU
		{B4D3C35F-9B98-4558-985B-4912DFD529EA}.Release|Any CPU.Build.0 = Release|Any CPU
		{F6A26DD8-CB60-43E2-9977-FB63511EE480}.Debug|Any CPU.ActiveCfg = Debug|Any CPU
		{F6A26DD8-CB60-43E2-9977-FB63511EE480}.Debug|Any CPU.Build.0 = Debug|Any CPU
		{F6A26DD8-CB60-43E2-9977-FB63511EE480}.Release|Any CPU.ActiveCfg = Release|Any CPU
		{F6A26DD8-CB60-43E2-9977-FB63511EE480}.Release|Any CPU.Build.0 = Release|Any CPU
	EndGlobalSection
	GlobalSection(SolutionProperties) = preSolution
		HideSolutionNode = FALSE
	EndGlobalSection
	GlobalSection(ExtensibilityGlobals) = postSolution
		SolutionGuid = {347FC905-3302-49DD-A181-0B9834DDC389}
	EndGlobalSection
EndGlobal
